
Microsoft Visual Studio Solution File, Format Version 12.00
# Visual Studio Version 17
VisualStudioVersion = 17.7.34018.315
MinimumVisualStudioVersion = 10.0.40219.1
Project("{FAE04EC0-301F-11D3-BF4B-00C04F79EFBC}") = "482618-Julius Evan-ResponsiJuniorProject", "482618-Julius Evan-ResponsiJuniorProject\482618-Julius Evan-ResponsiJuniorProject.csproj", "{31879B1D-EFE9-4A78-A576-70D6BB44045A}"
EndProject
Global
	GlobalSection(SolutionConfigurationPlatforms) = preSolution
		Debug|Any CPU = Debug|Any CPU
		Release|Any CPU = Release|Any CPU
	EndGlobalSection
	GlobalSection(ProjectConfigurationPlatforms) = postSolution
		{31879B1D-EFE9-4A78-A576-70D6BB44045A}.Debug|Any CPU.ActiveCfg = Debug|Any CPU
		{31879B1D-EFE9-4A78-A576-70D6BB44045A}.Debug|Any CPU.Build.0 = Debug|Any CPU
		{31879B1D-EFE9-4A78-A576-70D6BB44045A}.Release|Any CPU.ActiveCfg = Release|Any CPU
		{31879B1D-EFE9-4A78-A576-70D6BB44045A}.Release|Any CPU.Build.0 = Release|Any CPU
	EndGlobalSection
	GlobalSection(SolutionProperties) = preSolution
		HideSolutionNode = FALSE
	EndGlobalSection
	GlobalSection(ExtensibilityGlobals) = postSolution
		SolutionGuid = {0A6DC604-E452-487A-BD41-E6A1B682C390}
	EndGlobalSection
EndGlobal
